// !$*UTF8*$!
{
	archiveVersion = 1;
	classes = {
	};
	objectVersion = 48;
	objects = {

/* Begin PBXBuildFile section */
		AF05F5A61F2939BF00F03C39 /* AppDelegate.swift in Sources */ = {isa = PBXBuildFile; fileRef = AF05F5A51F2939BF00F03C39 /* AppDelegate.swift */; };
		AF05F5A81F2939BF00F03C39 /* ViewController.swift in Sources */ = {isa = PBXBuildFile; fileRef = AF05F5A71F2939BF00F03C39 /* ViewController.swift */; };
		AF05F5AB1F2939BF00F03C39 /* Main.storyboard in Resources */ = {isa = PBXBuildFile; fileRef = AF05F5A91F2939BF00F03C39 /* Main.storyboard */; };
		AF05F5AD1F2939BF00F03C39 /* Assets.xcassets in Resources */ = {isa = PBXBuildFile; fileRef = AF05F5AC1F2939BF00F03C39 /* Assets.xcassets */; };
		AF05F5B01F2939BF00F03C39 /* LaunchScreen.storyboard in Resources */ = {isa = PBXBuildFile; fileRef = AF05F5AE1F2939BF00F03C39 /* LaunchScreen.storyboard */; };
/* End PBXBuildFile section */

/* Begin PBXFileReference section */
		AF05F5A21F2939BF00F03C39 /* coder.swag.app */ = {isa = PBXFileReference; explicitFileType = wrapper.application; includeInIndex = 0; path = coder.swag.app; sourceTree = BUILT_PRODUCTS_DIR; };
		AF05F5A51F2939BF00F03C39 /* AppDelegate.swift */ = {isa = PBXFileReference; lastKnownFileType = sourcecode.swift; path = AppDelegate.swift; sourceTree = "<group>"; };
		AF05F5A71F2939BF00F03C39 /* ViewController.swift */ = {isa = PBXFileReference; lastKnownFileType = sourcecode.swift; path = ViewController.swift; sourceTree = "<group>"; };
		AF05F5AA1F2939BF00F03C39 /* Base */ = {isa = PBXFileReference; lastKnownFileType = file.storyboard; name = Base; path = Base.lproj/Main.storyboard; sourceTree = "<group>"; };
		AF05F5AC1F2939BF00F03C39 /* Assets.xcassets */ = {isa = PBXFileReference; lastKnownFileType = folder.assetcatalog; path = Assets.xcassets; sourceTree = "<group>"; };
		AF05F5AF1F2939BF00F03C39 /* Base */ = {isa = PBXFileReference; lastKnownFileType = file.storyboard; name = Base; path = Base.lproj/LaunchScreen.storyboard; sourceTree = "<group>"; };
		AF05F5B11F2939C000F03C39 /* Info.plist */ = {isa = PBXFileReference; lastKnownFileType = text.plist.xml; path = Info.plist; sourceTree = "<group>"; };
/* End PBXFileReference section */

/* Begin PBXFrameworksBuildPhase section */
		AF05F59F1F2939BF00F03C39 /* Frameworks */ = {
			isa = PBXFrameworksBuildPhase;
			buildActionMask = 2147483647;
			files = (
			);
			runOnlyForDeploymentPostprocessing = 0;
		};
/* End PBXFrameworksBuildPhase section */

/* Begin PBXGroup section */
		AF05F5991F2939BF00F03C39 = {
			isa = PBXGroup;
			children = (
				AF05F5A41F2939BF00F03C39 /* coder.swag */,
				AF05F5A31F2939BF00F03C39 /* Products */,
			);
			sourceTree = "<group>";
		};
		AF05F5A31F2939BF00F03C39 /* Products */ = {
			isa = PBXGroup;
			children = (
				AF05F5A21F2939BF00F03C39 /* coder.swag.app */,
			);
			name = Products;
			sourceTree = "<group>";
		};
		AF05F5A41F2939BF00F03C39 /* coder.swag */ = {
			isa = PBXGroup;
			children = (
				AF05F5A51F2939BF00F03C39 /* AppDelegate.swift */,
				AF05F5A71F2939BF00F03C39 /* ViewController.swift */,
				AF05F5A91F2939BF00F03C39 /* Main.storyboard */,
				AF05F5AC1F2939BF00F03C39 /* Assets.xcassets */,
				AF05F5AE1F2939BF00F03C39 /* LaunchScreen.storyboard */,
				AF05F5B11F2939C000F03C39 /* Info.plist */,
			);
			path = coder.swag;
			sourceTree = "<group>";
		};
/* End PBXGroup section */

/* Begin PBXNativeTarget section */
		AF05F5A11F2939BF00F03C39 /* coder.swag */ = {
			isa = PBXNativeTarget;
			buildConfigurationList = AF05F5B41F2939C000F03C39 /* Build configuration list for PBXNativeTarget "coder.swag" */;
			buildPhases = (
				AF05F59E1F2939BF00F03C39 /* Sources */,
				AF05F59F1F2939BF00F03C39 /* Frameworks */,
				AF05F5A01F2939BF00F03C39 /* Resources */,
			);
			buildRules = (
			);
			dependencies = (
			);
			name = coder.swag;
			productName = coder.swag;
			productReference = AF05F5A21F2939BF00F03C39 /* coder.swag.app */;
			productType = "com.apple.product-type.application";
		};
/* End PBXNativeTarget section */

/* Begin PBXProject section */
		AF05F59A1F2939BF00F03C39 /* Project object */ = {
			isa = PBXProject;
			attributes = {
				LastSwiftUpdateCheck = 0900;
				LastUpgradeCheck = 0900;
				ORGANIZATIONNAME = "Yousef Ouarghi";
				TargetAttributes = {
					AF05F5A11F2939BF00F03C39 = {
						CreatedOnToolsVersion = 9.0;
					};
				};
			};
			buildConfigurationList = AF05F59D1F2939BF00F03C39 /* Build configuration list for PBXProject "coder.swag" */;
			compatibilityVersion = "Xcode 8.0";
			developmentRegion = en;
			hasScannedForEncodings = 0;
			knownRegions = (
				en,
				Base,
			);
			mainGroup = AF05F5991F2939BF00F03C39;
			productRefGroup = AF05F5A31F2939BF00F03C39 /* Products */;
			projectDirPath = "";
			projectRoot = "";
			targets = (
				AF05F5A11F2939BF00F03C39 /* coder.swag */,
			);
		};
/* End PBXProject section */

/* Begin PBXResourcesBuildPhase section */
		AF05F5A01F2939BF00F03C39 /* Resources */ = {
			isa = PBXResourcesBuildPhase;
			buildActionMask = 2147483647;
			files = (
				AF05F5B01F2939BF00F03C39 /* LaunchScreen.storyboard in Resources */,
				AF05F5AD1F2939BF00F03C39 /* Assets.xcassets in Resources */,
				AF05F5AB1F2939BF00F03C39 /* Main.storyboard in Resources */,
			);
			runOnlyForDeploymentPostprocessing = 0;
		};
/* End PBXResourcesBuildPhase section */

/* Begin PBXSourcesBuildPhase section */
		AF05F59E1F2939BF00F03C39 /* Sources */ = {
			isa = PBXSourcesBuildPhase;
			buildActionMask = 2147483647;
			files = (
				AF05F5A81F2939BF00F03C39 /* ViewController.swift in Sources */,
				AF05F5A61F2939BF00F03C39 /* AppDelegate.swift in Sources */,
			);
			runOnlyForDeploymentPostprocessing = 0;
		};
/* End PBXSourcesBuildPhase section */

/* Begin PBXVariantGroup section */
		AF05F5A91F2939BF00F03C39 /* Main.storyboard */ = {
			isa = PBXVariantGroup;
			children = (
				AF05F5AA1F2939BF00F03C39 /* Base */,
			);
			name = Main.storyboard;
			sourceTree = "<group>";
		};
		AF05F5AE1F2939BF00F03C39 /* LaunchScreen.storyboard */ = {
			isa = PBXVariantGroup;
			children = (
				AF05F5AF1F2939BF00F03C39 /* Base */,
			);
			name = LaunchScreen.storyboard;
			sourceTree = "<group>";
		};
/* End PBXVariantGroup section */

/* Begin XCBuildConfiguration section */
		AF05F5B21F2939C000F03C39 /* Debug */ = {
			isa = XCBuildConfiguration;
			buildSettings = {
				ALWAYS_SEARCH_USER_PATHS = NO;
				CLANG_ANALYZER_NONNULL = YES;
				CLANG_ANALYZER_NUMBER_OBJECT_CONVERSION = YES_AGGRESSIVE;
				CLANG_CXX_LANGUAGE_STANDARD = "gnu++14";
				CLANG_CXX_LIBRARY = "libc++";
				CLANG_ENABLE_MODULES = YES;
				CLANG_ENABLE_OBJC_ARC = YES;
				CLANG_WARN_BLOCK_CAPTURE_AUTORELEASING = YES;
				CLANG_WARN_BOOL_CONVERSION = YES;
				CLANG_WARN_COMMA = YES;
				CLANG_WARN_CONSTANT_CONVERSION = YES;
				CLANG_WARN_DIRECT_OBJC_ISA_USAGE = YES_ERROR;
				CLANG_WARN_DOCUMENTATION_COMMENTS = YES;
				CLANG_WARN_EMPTY_BODY = YES;
				CLANG_WARN_ENUM_CONVERSION = YES;
				CLANG_WARN_INFINITE_RECURSION = YES;
				CLANG_WARN_INT_CONVERSION = YES;
				CLANG_WARN_NON_LITERAL_NULL_CONVERSION = YES;
				CLANG_WARN_OBJC_LITERAL_CONVERSION = YES;
				CLANG_WARN_OBJC_ROOT_CLASS = YES_ERROR;
				CLANG_WARN_RANGE_LOOP_ANALYSIS = YES;
				CLANG_WARN_STRICT_PROTOTYPES = YES;
				CLANG_WARN_SUSPICIOUS_MOVE = YES;
				CLANG_WARN_UNGUARDED_AVAILABILITY = YES_AGGRESSIVE;
				CLANG_WARN_UNREACHABLE_CODE = YES;
				CLANG_WARN__DUPLICATE_METHOD_MATCH = YES;
				CODE_SIGN_IDENTITY = "iPhone Developer";
				COPY_PHASE_STRIP = NO;
				DEBUG_INFORMATION_FORMAT = dwarf;
				ENABLE_STRICT_OBJC_MSGSEND = YES;
				ENABLE_TESTABILITY = YES;
				GCC_C_LANGUAGE_STANDARD = gnu11;
				GCC_DYNAMIC_NO_PIC = NO;
				GCC_NO_COMMON_BLOCKS = YES;
				GCC_OPTIMIZATION_LEVEL = 0;
				GCC_PREPROCESSOR_DEFINITIONS = (
					"DEBUG=1",
					"$(inherited)",
				);
				GCC_WARN_64_TO_32_BIT_CONVERSION = YES;
				GCC_WARN_ABOUT_RETURN_TYPE = YES_ERROR;
				GCC_WARN_UNDECLARED_SELECTOR = YES;
				GCC_WARN_UNINITIALIZED_AUTOS = YES_AGGRESSIVE;
				GCC_WARN_UNUSED_FUNCTION = YES;
				GCC_WARN_UNUSED_VARIABLE = YES;
				IPHONEOS_DEPLOYMENT_TARGET = 11.0;
				MTL_ENABLE_DEBUG_INFO = YES;
				ONLY_ACTIVE_ARCH = YES;
				SDKROOT = iphoneos;
				SWIFT_ACTIVE_COMPILATION_CONDITIONS = DEBUG;
				SWIFT_OPTIMIZATION_LEVEL = "-Onone";
			};
			name = Debug;
		};
		AF05F5B31F2939C000F03C39 /* Release */ = {
			isa = XCBuildConfiguration;
			buildSettings = {
				ALWAYS_SEARCH_USER_PATHS = NO;
				CLANG_ANALYZER_NONNULL = YES;
				CLANG_ANALYZER_NUMBER_OBJECT_CONVERSION = YES_AGGRESSIVE;
				CLANG_CXX_LANGUAGE_STANDARD = "gnu++14";
				CLANG_CXX_LIBRARY = "libc++";
				CLANG_ENABLE_MODULES = YES;
				CLANG_ENABLE_OBJC_ARC = YES;
				CLANG_WARN_BLOCK_CAPTURE_AUTORELEASING = YES;
				CLANG_WARN_BOOL_CONVERSION = YES;
				CLANG_WARN_COMMA = YES;
				CLANG_WARN_CONSTANT_CONVERSION = YES;
				CLANG_WARN_DIRECT_OBJC_ISA_USAGE = YES_ERROR;
				CLANG_WARN_DOCUMENTATION_COMMENTS = YES;
				CLANG_WARN_EMPTY_BODY = YES;
				CLANG_WARN_ENUM_CONVERSION = YES;
				CLANG_WARN_INFINITE_RECURSION = YES;
				CLANG_WARN_INT_CONVERSION = YES;
				CLANG_WARN_NON_LITERAL_NULL_CONVERSION = YES;
				CLANG_WARN_OBJC_LITERAL_CONVERSION = YES;
				CLANG_WARN_OBJC_ROOT_CLASS = YES_ERROR;
				CLANG_WARN_RANGE_LOOP_ANALYSIS = YES;
				CLANG_WARN_STRICT_PROTOTYPES = YES;
				CLANG_WARN_SUSPICIOUS_MOVE = YES;
				CLANG_WARN_UNGUARDED_AVAILABILITY = YES_AGGRESSIVE;
				CLANG_WARN_UNREACHABLE_CODE = YES;
				CLANG_WARN__DUPLICATE_METHOD_MATCH = YES;
				CODE_SIGN_IDENTITY = "iPhone Developer";
				COPY_PHASE_STRIP = NO;
				DEBUG_INFORMATION_FORMAT = "dwarf-with-dsym";
				ENABLE_NS_ASSERTIONS = NO;
				ENABLE_STRICT_OBJC_MSGSEND = YES;
				GCC_C_LANGUAGE_STANDARD = gnu11;
				GCC_NO_COMMON_BLOCKS = YES;
				GCC_WARN_64_TO_32_BIT_CONVERSION = YES;
				GCC_WARN_ABOUT_RETURN_TYPE = YES_ERROR;
				GCC_WARN_UNDECLARED_SELECTOR = YES;
				GCC_WARN_UNINITIALIZED_AUTOS = YES_AGGRESSIVE;
				GCC_WARN_UNUSED_FUNCTION = YES;
				GCC_WARN_UNUSED_VARIABLE = YES;
				IPHONEOS_DEPLOYMENT_TARGET = 11.0;
				MTL_ENABLE_DEBUG_INFO = NO;
				SDKROOT = iphoneos;
				SWIFT_OPTIMIZATION_LEVEL = "-Owholemodule";
				VALIDATE_PRODUCT = YES;
			};
			name = Release;
		};
		AF05F5B51F2939C000F03C39 /* Debug */ = {
			isa = XCBuildConfiguration;
			buildSettings = {
				ASSETCATALOG_COMPILER_APPICON_NAME = AppIcon;
				INFOPLIST_FILE = coder.swag/Info.plist;
				LD_RUNPATH_SEARCH_PATHS = "$(inherited) @executable_path/Frameworks";
				PRODUCT_BUNDLE_IDENTIFIER = "m.coder-swag";
				PRODUCT_NAME = "$(TARGET_NAME)";
				SWIFT_VERSION = 4.0;
				TARGETED_DEVICE_FAMILY = "1,2";
			};
			name = Debug;
		};
		AF05F5B61F2939C000F03C39 /* Release */ = {
			isa = XCBuildConfiguration;
			buildSettings = {
				ASSETCATALOG_COMPILER_APPICON_NAME = AppIcon;
				INFOPLIST_FILE = coder.swag/Info.plist;
				LD_RUNPATH_SEARCH_PATHS = "$(inherited) @executable_path/Frameworks";
				PRODUCT_BUNDLE_IDENTIFIER = "m.coder-swag";
				PRODUCT_NAME = "$(TARGET_NAME)";
				SWIFT_VERSION = 4.0;
				TARGETED_DEVICE_FAMILY = "1,2";
			};
			name = Release;
		};
/* End XCBuildConfiguration section */

/* Begin XCConfigurationList section */
		AF05F59D1F2939BF00F03C39 /* Build configuration list for PBXProject "coder.swag" */ = {
			isa = XCConfigurationList;
			buildConfigurations = (
				AF05F5B21F2939C000F03C39 /* Debug */,
				AF05F5B31F2939C000F03C39 /* Release */,
			);
			defaultConfigurationIsVisible = 0;
			defaultConfigurationName = Release;
		};
		AF05F5B41F2939C000F03C39 /* Build configuration list for PBXNativeTarget "coder.swag" */ = {
			isa = XCConfigurationList;
			buildConfigurations = (
				AF05F5B51F2939C000F03C39 /* Debug */,
				AF05F5B61F2939C000F03C39 /* Release */,
			);
			defaultConfigurationIsVisible = 0;
			defaultConfigurationName = Release;
		};
/* End XCConfigurationList section */
	};
	rootObject = AF05F59A1F2939BF00F03C39 /* Project object */;
}
